// !$*UTF8*$!
{
	archiveVersion = 1;
	classes = {
	};
	objectVersion = 55;
	objects = {

/* Begin PBXBuildFile section */
		4BBFA7172BCFBCAE00375011 /* Saat_QuizApp.swift in Sources */ = {isa = PBXBuildFile; fileRef = 4BBFA7162BCFBCAE00375011 /* Saat_QuizApp.swift */; };
		4BBFA7192BCFBCAE00375011 /* ContentView.swift in Sources */ = {isa = PBXBuildFile; fileRef = 4BBFA7182BCFBCAE00375011 /* ContentView.swift */; };
		4BBFA71B2BCFBCAF00375011 /* Assets.xcassets in Resources */ = {isa = PBXBuildFile; fileRef = 4BBFA71A2BCFBCAF00375011 /* Assets.xcassets */; };
		4BBFA71E2BCFBCAF00375011 /* Preview Assets.xcassets in Resources */ = {isa = PBXBuildFile; fileRef = 4BBFA71D2BCFBCAF00375011 /* Preview Assets.xcassets */; };
		4BBFA7252BCFBD3200375011 /* QView.swift in Sources */ = {isa = PBXBuildFile; fileRef = 4BBFA7242BCFBD3200375011 /* QView.swift */; };
		4BBFA7272BCFBD5000375011 /* qModel.swift in Sources */ = {isa = PBXBuildFile; fileRef = 4BBFA7262BCFBD5000375011 /* qModel.swift */; };
		4BBFA7292BCFBD7A00375011 /* Final.swift in Sources */ = {isa = PBXBuildFile; fileRef = 4BBFA7282BCFBD7A00375011 /* Final.swift */; };
/* End PBXBuildFile section */

/* Begin PBXFileReference section */
		4BBFA7132BCFBCAE00375011 /* Saat-Quiz.app */ = {isa = PBXFileReference; explicitFileType = wrapper.application; includeInIndex = 0; path = "Saat-Quiz.app"; sourceTree = BUILT_PRODUCTS_DIR; };
		4BBFA7162BCFBCAE00375011 /* Saat_QuizApp.swift */ = {isa = PBXFileReference; lastKnownFileType = sourcecode.swift; path = Saat_QuizApp.swift; sourceTree = "<group>"; };
		4BBFA7182BCFBCAE00375011 /* ContentView.swift */ = {isa = PBXFileReference; lastKnownFileType = sourcecode.swift; path = ContentView.swift; sourceTree = "<group>"; };
		4BBFA71A2BCFBCAF00375011 /* Assets.xcassets */ = {isa = PBXFileReference; lastKnownFileType = folder.assetcatalog; path = Assets.xcassets; sourceTree = "<group>"; };
		4BBFA71D2BCFBCAF00375011 /* Preview Assets.xcassets */ = {isa = PBXFileReference; lastKnownFileType = folder.assetcatalog; path = "Preview Assets.xcassets"; sourceTree = "<group>"; };
		4BBFA7242BCFBD3200375011 /* QView.swift */ = {isa = PBXFileReference; lastKnownFileType = sourcecode.swift; path = QView.swift; sourceTree = "<group>"; };
		4BBFA7262BCFBD5000375011 /* qModel.swift */ = {isa = PBXFileReference; lastKnownFileType = sourcecode.swift; path = qModel.swift; sourceTree = "<group>"; };
		4BBFA7282BCFBD7A00375011 /* Final.swift */ = {isa = PBXFileReference; lastKnownFileType = sourcecode.swift; path = Final.swift; sourceTree = "<group>"; };
/* End PBXFileReference section */

/* Begin PBXFrameworksBuildPhase section */
		4BBFA7102BCFBCAE00375011 /* Frameworks */ = {
			isa = PBXFrameworksBuildPhase;
			buildActionMask = 2147483647;
			files = (
			);
			runOnlyForDeploymentPostprocessing = 0;
		};
/* End PBXFrameworksBuildPhase section */

/* Begin PBXGroup section */
		4BBFA70A2BCFBCAE00375011 = {
			isa = PBXGroup;
			children = (
				4BBFA7152BCFBCAE00375011 /* Saat-Quiz */,
				4BBFA7142BCFBCAE00375011 /* Products */,
			);
			sourceTree = "<group>";
		};
		4BBFA7142BCFBCAE00375011 /* Products */ = {
			isa = PBXGroup;
			children = (
				4BBFA7132BCFBCAE00375011 /* Saat-Quiz.app */,
			);
			name = Products;
			sourceTree = "<group>";
		};
		4BBFA7152BCFBCAE00375011 /* Saat-Quiz */ = {
			isa = PBXGroup;
			children = (
				4BBFA7162BCFBCAE00375011 /* Saat_QuizApp.swift */,
				4BBFA7182BCFBCAE00375011 /* ContentView.swift */,
				4BBFA71A2BCFBCAF00375011 /* Assets.xcassets */,
				4BBFA71C2BCFBCAF00375011 /* Preview Content */,
			);
			path = "Saat-Quiz";
			sourceTree = "<group>";
		};
		4BBFA71C2BCFBCAF00375011 /* Preview Content */ = {
			isa = PBXGroup;
			children = (
				4BBFA7242BCFBD3200375011 /* QView.swift */,
				4BBFA7262BCFBD5000375011 /* qModel.swift */,
				4BBFA7282BCFBD7A00375011 /* Final.swift */,
				4BBFA71D2BCFBCAF00375011 /* Preview Assets.xcassets */,
			);
			path = "Preview Content";
			sourceTree = "<group>";
		};
/* End PBXGroup section */

/* Begin PBXNativeTarget section */
		4BBFA7122BCFBCAE00375011 /* Saat-Quiz */ = {
			isa = PBXNativeTarget;
			buildConfigurationList = 4BBFA7212BCFBCAF00375011 /* Build configuration list for PBXNativeTarget "Saat-Quiz" */;
			buildPhases = (
				4BBFA70F2BCFBCAE00375011 /* Sources */,
				4BBFA7102BCFBCAE00375011 /* Frameworks */,
				4BBFA7112BCFBCAE00375011 /* Resources */,
			);
			buildRules = (
			);
			dependencies = (
			);
			name = "Saat-Quiz";
			productName = "Saat-Quiz";
			productReference = 4BBFA7132BCFBCAE00375011 /* Saat-Quiz.app */;
			productType = "com.apple.product-type.application";
		};
/* End PBXNativeTarget section */

/* Begin PBXProject section */
		4BBFA70B2BCFBCAE00375011 /* Project object */ = {
			isa = PBXProject;
			attributes = {
				BuildIndependentTargetsInParallel = 1;
				LastSwiftUpdateCheck = 1340;
				LastUpgradeCheck = 1340;
				TargetAttributes = {
					4BBFA7122BCFBCAE00375011 = {
						CreatedOnToolsVersion = 13.4.1;
					};
				};
			};
			buildConfigurationList = 4BBFA70E2BCFBCAE00375011 /* Build configuration list for PBXProject "Saat-Quiz" */;
			compatibilityVersion = "Xcode 13.0";
			developmentRegion = en;
			hasScannedForEncodings = 0;
			knownRegions = (
				en,
				Base,
			);
			mainGroup = 4BBFA70A2BCFBCAE00375011;
			productRefGroup = 4BBFA7142BCFBCAE00375011 /* Products */;
			projectDirPath = "";
			projectRoot = "";
			targets = (
				4BBFA7122BCFBCAE00375011 /* Saat-Quiz */,
			);
		};
/* End PBXProject section */

/* Begin PBXResourcesBuildPhase section */
		4BBFA7112BCFBCAE00375011 /* Resources */ = {
			isa = PBXResourcesBuildPhase;
			buildActionMask = 2147483647;
			files = (
				4BBFA71E2BCFBCAF00375011 /* Preview Assets.xcassets in Resources */,
				4BBFA71B2BCFBCAF00375011 /* Assets.xcassets in Resources */,
			);
			runOnlyForDeploymentPostprocessing = 0;
		};
/* End PBXResourcesBuildPhase section */

/* Begin PBXSourcesBuildPhase section */
		4BBFA70F2BCFBCAE00375011 /* Sources */ = {
			isa = PBXSourcesBuildPhase;
			buildActionMask = 2147483647;
			files = (
				4BBFA7292BCFBD7A00375011 /* Final.swift in Sources */,
				4BBFA7192BCFBCAE00375011 /* ContentView.swift in Sources */,
				4BBFA7272BCFBD5000375011 /* qModel.swift in Sources */,
				4BBFA7172BCFBCAE00375011 /* Saat_QuizApp.swift in Sources */,
				4BBFA7252BCFBD3200375011 /* QView.swift in Sources */,
			);
			runOnlyForDeploymentPostprocessing = 0;
		};
/* End PBXSourcesBuildPhase section */

/* Begin XCBuildConfiguration section */
		4BBFA71F2BCFBCAF00375011 /* Debug */ = {
			isa = XCBuildConfiguration;
			buildSettings = {
				ALWAYS_SEARCH_USER_PATHS = NO;
				CLANG_ANALYZER_NONNULL = YES;
				CLANG_ANALYZER_NUMBER_OBJECT_CONVERSION = YES_AGGRESSIVE;
				CLANG_CXX_LANGUAGE_STANDARD = "gnu++17";
				CLANG_ENABLE_MODULES = YES;
				CLANG_ENABLE_OBJC_ARC = YES;
				CLANG_ENABLE_OBJC_WEAK = YES;
				CLANG_WARN_BLOCK_CAPTURE_AUTORELEASING = YES;
				CLANG_WARN_BOOL_CONVERSION = YES;
				CLANG_WARN_COMMA = YES;
				CLANG_WARN_CONSTANT_CONVERSION = YES;
				CLANG_WARN_DEPRECATED_OBJC_IMPLEMENTATIONS = YES;
				CLANG_WARN_DIRECT_OBJC_ISA_USAGE = YES_ERROR;
				CLANG_WARN_DOCUMENTATION_COMMENTS = YES;
				CLANG_WARN_EMPTY_BODY = YES;
				CLANG_WARN_ENUM_CONVERSION = YES;
				CLANG_WARN_INFINITE_RECURSION = YES;
				CLANG_WARN_INT_CONVERSION = YES;
				CLANG_WARN_NON_LITERAL_NULL_CONVERSION = YES;
				CLANG_WARN_OBJC_IMPLICIT_RETAIN_SELF = YES;
				CLANG_WARN_OBJC_LITERAL_CONVERSION = YES;
				CLANG_WARN_OBJC_ROOT_CLASS = YES_ERROR;
				CLANG_WARN_QUOTED_INCLUDE_IN_FRAMEWORK_HEADER = YES;
				CLANG_WARN_RANGE_LOOP_ANALYSIS = YES;
				CLANG_WARN_STRICT_PROTOTYPES = YES;
				CLANG_WARN_SUSPICIOUS_MOVE = YES;
				CLANG_WARN_UNGUARDED_AVAILABILITY = YES_AGGRESSIVE;
				CLANG_WARN_UNREACHABLE_CODE = YES;
				CLANG_WARN__DUPLICATE_METHOD_MATCH = YES;
				COPY_PHASE_STRIP = NO;
				DEBUG_INFORMATION_FORMAT = dwarf;
				ENABLE_STRICT_OBJC_MSGSEND = YES;
				ENABLE_TESTABILITY = YES;
				GCC_C_LANGUAGE_STANDARD = gnu11;
				GCC_DYNAMIC_NO_PIC = NO;
				GCC_NO_COMMON_BLOCKS = YES;
				GCC_OPTIMIZATION_LEVEL = 0;
				GCC_PREPROCESSOR_DEFINITIONS = (
					"DEBUG=1",
					"$(inherited)",
				);
				GCC_WARN_64_TO_32_BIT_CONVERSION = YES;
				GCC_WARN_ABOUT_RETURN_TYPE = YES_ERROR;
				GCC_WARN_UNDECLARED_SELECTOR = YES;
				GCC_WARN_UNINITIALIZED_AUTOS = YES_AGGRESSIVE;
				GCC_WARN_UNUSED_FUNCTION = YES;
				GCC_WARN_UNUSED_VARIABLE = YES;
				IPHONEOS_DEPLOYMENT_TARGET = 15.5;
				MTL_ENABLE_DEBUG_INFO = INCLUDE_SOURCE;
				MTL_FAST_MATH = YES;
				ONLY_ACTIVE_ARCH = YES;
				SDKROOT = iphoneos;
				SWIFT_ACTIVE_COMPILATION_CONDITIONS = DEBUG;
				SWIFT_OPTIMIZATION_LEVEL = "-Onone";
			};
			name = Debug;
		};
		4BBFA7202BCFBCAF00375011 /* Release */ = {
			isa = XCBuildConfiguration;
			buildSettings = {
				ALWAYS_SEARCH_USER_PATHS = NO;
				CLANG_ANALYZER_NONNULL = YES;
				CLANG_ANALYZER_NUMBER_OBJECT_CONVERSION = YES_AGGRESSIVE;
				CLANG_CXX_LANGUAGE_STANDARD = "gnu++17";
				CLANG_ENABLE_MODULES = YES;
				CLANG_ENABLE_OBJC_ARC = YES;
				CLANG_ENABLE_OBJC_WEAK = YES;
				CLANG_WARN_BLOCK_CAPTURE_AUTORELEASING = YES;
				CLANG_WARN_BOOL_CONVERSION = YES;
				CLANG_WARN_COMMA = YES;
				CLANG_WARN_CONSTANT_CONVERSION = YES;
				CLANG_WARN_DEPRECATED_OBJC_IMPLEMENTATIONS = YES;
				CLANG_WARN_DIRECT_OBJC_ISA_USAGE = YES_ERROR;
				CLANG_WARN_DOCUMENTATION_COMMENTS = YES;
				CLANG_WARN_EMPTY_BODY = YES;
				CLANG_WARN_ENUM_CONVERSION = YES;
				CLANG_WARN_INFINITE_RECURSION = YES;
				CLANG_WARN_INT_CONVERSION = YES;
				CLANG_WARN_NON_LITERAL_NULL_CONVERSION = YES;
				CLANG_WARN_OBJC_IMPLICIT_RETAIN_SELF = YES;
				CLANG_WARN_OBJC_LITERAL_CONVERSION = YES;
				CLANG_WARN_OBJC_ROOT_CLASS = YES_ERROR;
				CLANG_WARN_QUOTED_INCLUDE_IN_FRAMEWORK_HEADER = YES;
				CLANG_WARN_RANGE_LOOP_ANALYSIS = YES;
				CLANG_WARN_STRICT_PROTOTYPES = YES;
				CLANG_WARN_SUSPICIOUS_MOVE = YES;
				CLANG_WARN_UNGUARDED_AVAILABILITY = YES_AGGRESSIVE;
				CLANG_WARN_UNREACHABLE_CODE = YES;
				CLANG_WARN__DUPLICATE_METHOD_MATCH = YES;
				COPY_PHASE_STRIP = NO;
				DEBUG_INFORMATION_FORMAT = "dwarf-with-dsym";
				ENABLE_NS_ASSERTIONS = NO;
				ENABLE_STRICT_OBJC_MSGSEND = YES;
				GCC_C_LANGUAGE_STANDARD = gnu11;
				GCC_NO_COMMON_BLOCKS = YES;
				GCC_WARN_64_TO_32_BIT_CONVERSION = YES;
				GCC_WARN_ABOUT_RETURN_TYPE = YES_ERROR;
				GCC_WARN_UNDECLARED_SELECTOR = YES;
				GCC_WARN_UNINITIALIZED_AUTOS = YES_AGGRESSIVE;
				GCC_WARN_UNUSED_FUNCTION = YES;
				GCC_WARN_UNUSED_VARIABLE = YES;
				IPHONEOS_DEPLOYMENT_TARGET = 15.5;
				MTL_ENABLE_DEBUG_INFO = NO;
				MTL_FAST_MATH = YES;
				SDKROOT = iphoneos;
				SWIFT_COMPILATION_MODE = wholemodule;
				SWIFT_OPTIMIZATION_LEVEL = "-O";
				VALIDATE_PRODUCT = YES;
			};
			name = Release;
		};
		4BBFA7222BCFBCAF00375011 /* Debug */ = {
			isa = XCBuildConfiguration;
			buildSettings = {
				ASSETCATALOG_COMPILER_APPICON_NAME = AppIcon;
				ASSETCATALOG_COMPILER_GLOBAL_ACCENT_COLOR_NAME = AccentColor;
				CODE_SIGN_STYLE = Automatic;
				CURRENT_PROJECT_VERSION = 1;
				DEVELOPMENT_ASSET_PATHS = "\"Saat-Quiz/Preview Content\"";
				ENABLE_PREVIEWS = YES;
				GENERATE_INFOPLIST_FILE = YES;
				INFOPLIST_KEY_UIApplicationSceneManifest_Generation = YES;
				INFOPLIST_KEY_UIApplicationSupportsIndirectInputEvents = YES;
				INFOPLIST_KEY_UILaunchScreen_Generation = YES;
				INFOPLIST_KEY_UISupportedInterfaceOrientations_iPad = "UIInterfaceOrientationPortrait UIInterfaceOrientationPortraitUpsideDown UIInterfaceOrientationLandscapeLeft UIInterfaceOrientationLandscapeRight";
				INFOPLIST_KEY_UISupportedInterfaceOrientations_iPhone = "UIInterfaceOrientationPortrait UIInterfaceOrientationLandscapeLeft UIInterfaceOrientationLandscapeRight";
				LD_RUNPATH_SEARCH_PATHS = (
					"$(inherited)",
					"@executable_path/Frameworks",
				);
				MARKETING_VERSION = 1.0;
				PRODUCT_BUNDLE_IDENTIFIER = "com.SAAT.Saat-Quiz";
				PRODUCT_NAME = "$(TARGET_NAME)";
				SWIFT_EMIT_LOC_STRINGS = YES;
				SWIFT_VERSION = 5.0;
				TARGETED_DEVICE_FAMILY = "1,2";
			};
			name = Debug;
		};
		4BBFA7232BCFBCAF00375011 /* Release */ = {
			isa = XCBuildConfiguration;
			buildSettings = {
				ASSETCATALOG_COMPILER_APPICON_NAME = AppIcon;
				ASSETCATALOG_COMPILER_GLOBAL_ACCENT_COLOR_NAME = AccentColor;
				CODE_SIGN_STYLE = Automatic;
				CURRENT_PROJECT_VERSION = 1;
				DEVELOPMENT_ASSET_PATHS = "\"Saat-Quiz/Preview Content\"";
				ENABLE_PREVIEWS = YES;
				GENERATE_INFOPLIST_FILE = YES;
				INFOPLIST_KEY_UIApplicationSceneManifest_Generation = YES;
				INFOPLIST_KEY_UIApplicationSupportsIndirectInputEvents = YES;
				INFOPLIST_KEY_UILaunchScreen_Generation = YES;
				INFOPLIST_KEY_UISupportedInterfaceOrientations_iPad = "UIInterfaceOrientationPortrait UIInterfaceOrientationPortraitUpsideDown UIInterfaceOrientationLandscapeLeft UIInterfaceOrientationLandscapeRight";
				INFOPLIST_KEY_UISupportedInterfaceOrientations_iPhone = "UIInterfaceOrientationPortrait UIInterfaceOrientationLandscapeLeft UIInterfaceOrientationLandscapeRight";
				LD_RUNPATH_SEARCH_PATHS = (
					"$(inherited)",
					"@executable_path/Frameworks",
				);
				MARKETING_VERSION = 1.0;
				PRODUCT_BUNDLE_IDENTIFIER = "com.SAAT.Saat-Quiz";
				PRODUCT_NAME = "$(TARGET_NAME)";
				SWIFT_EMIT_LOC_STRINGS = YES;
				SWIFT_VERSION = 5.0;
				TARGETED_DEVICE_FAMILY = "1,2";
			};
			name = Release;
		};
/* End XCBuildConfiguration section */

/* Begin XCConfigurationList section */
		4BBFA70E2BCFBCAE00375011 /* Build configuration list for PBXProject "Saat-Quiz" */ = {
			isa = XCConfigurationList;
			buildConfigurations = (
				4BBFA71F2BCFBCAF00375011 /* Debug */,
				4BBFA7202BCFBCAF00375011 /* Release */,
			);
			defaultConfigurationIsVisible = 0;
			defaultConfigurationName = Release;
		};
		4BBFA7212BCFBCAF00375011 /* Build configuration list for PBXNativeTarget "Saat-Quiz" */ = {
			isa = XCConfigurationList;
			buildConfigurations = (
				4BBFA7222BCFBCAF00375011 /* Debug */,
				4BBFA7232BCFBCAF00375011 /* Release */,
			);
			defaultConfigurationIsVisible = 0;
			defaultConfigurationName = Release;
		};
/* End XCConfigurationList section */
	};
	rootObject = 4BBFA70B2BCFBCAE00375011 /* Project object */;
}
